<?xml version="1.0" encoding="utf-8"?>
<Project ToolsVersion="4.0" xmlns="http://schemas.microsoft.com/developer/msbuild/2003">
  <ItemGroup>
    <Filter Include="Header Files">
      <UniqueIdentifier>{5c893871-60b3-4d3f-a559-d738339ab291}</UniqueIdentifier>
    </Filter>
    <Filter Include="Source Files">
      <UniqueIdentifier>{227f1b33-f3c6-4256-a09e-eeb162f383ae}</UniqueIdentifier>
    </Filter>
  </ItemGroup>
  <ItemGroup>
    <ClInclude Include="channel.h">
      <Filter>Header Files</Filter>
    </ClInclude>
    <ClInclude Include="code_hook.h">
      <Filter>Header Files</Filter>
    </ClInclude>
    <ClInclude Include="dbg_def.h">
      <Filter>Header Files</Filter>
    </ClInclude>
    <ClInclude Include="dbg_item.h">
      <Filter>Header Files</Filter>
    </ClInclude>
    <ClInclude Include="debug.h">
      <Filter>Header Files</Filter>
    </ClInclude>
    <ClInclude Include="..\..\..\inc\defines.h">
      <Filter>Header Files</Filter>
    </ClInclude>
    <ClInclude Include="driver.h">
      <Filter>Header Files</Filter>
    </ClInclude>
    <ClInclude Include="extdef.h">
      <Filter>Header Files</Filter>
    </ClInclude>
    <ClInclude Include="ldasm.h">
      <Filter>Header Files</Filter>
    </ClInclude>
    <ClInclude Include="misc.h">
      <Filter>Header Files</Filter>
    </ClInclude>
    <ClInclude Include="pedef.h">
      <Filter>Header Files</Filter>
    </ClInclude>
    <ClInclude Include="regio.h">
      <Filter>Header Files</Filter>
    </ClInclude>
    <ClInclude Include="sdt_hook.h">
      <Filter>Header Files</Filter>
    </ClInclude>
    <ClInclude Include="syscall.h">
      <Filter>Header Files</Filter>
    </ClInclude>
  </ItemGroup>
  <ItemGroup>
    <ClCompile Include="channel.c">
      <Filter>Source Files</Filter>
    </ClCompile>
    <ClCompile Include="code_hook.c">
      <Filter>Source Files</Filter>
    </ClCompile>
    <ClCompile Include="dbg_item.c">
      <Filter>Source Files</Filter>
    </ClCompile>
    <ClCompile Include="debug.c">
      <Filter>Source Files</Filter>
    </ClCompile>
    <ClCompile Include="driver.c">
      <Filter>Source Files</Filter>
    </ClCompile>
    <ClCompile Include="ldasm.c">
      <Filter>Source Files</Filter>
    </ClCompile>
    <ClCompile Include="misc.c">
      <Filter>Source Files</Filter>
    </ClCompile>
    <ClCompile Include="regio.c">
      <Filter>Source Files</Filter>
    </ClCompile>
    <ClCompile Include="sdt_hook.c">
      <Filter>Source Files</Filter>
    </ClCompile>
    <ClCompile Include="syscall.c">
      <Filter>Source Files</Filter>
    </ClCompile>
  </ItemGroup>
</Project>